
Microsoft Visual Studio Solution File, Format Version 12.00
# Visual Studio Version 17
VisualStudioVersion = 17.7.34003.232
MinimumVisualStudioVersion = 10.0.40219.1
Project("{8BC9CEB8-8B4A-11D0-8D11-00A0C91BC942}") = "vector", "vector\vector.vcxproj", "{56713465-A085-445A-A482-6AB244A90540}"
EndProject
Project("{8BC9CEB8-8B4A-11D0-8D11-00A0C91BC942}") = "iterators", "iterators\iterators.vcxproj", "{1CFB9CF5-F467-4834-8FA8-E42F53529EA1}"
EndProject
Project("{8BC9CEB8-8B4A-11D0-8D11-00A0C91BC942}") = "VectorSort", "VectorSort\VectorSort.vcxproj", "{E15CD147-07C6-4EAD-8040-42B155705EAA}"
EndProject
Project("{8BC9CEB8-8B4A-11D0-8D11-00A0C91BC942}") = "VectorManipulations", "VectorManipulations\VectorManipulations.vcxproj", "{1A06F4BF-2519-469F-976E-5947723038EF}"
EndProject
Project("{8BC9CEB8-8B4A-11D0-8D11-00A0C91BC942}") = "ListManipulations", "ListManipulations\ListManipulations.vcxproj", "{98A7A48A-3759-437F-B1B0-F4CD538126A5}"
EndProject
Project("{8BC9CEB8-8B4A-11D0-8D11-00A0C91BC942}") = "stack", "stack\stack.vcxproj", "{7A212538-D805-42C9-A02D-547F4999910C}"
EndProject
Global
	GlobalSection(SolutionConfigurationPlatforms) = preSolution
		Debug|x64 = Debug|x64
		Debug|x86 = Debug|x86
		Release|x64 = Release|x64
		Release|x86 = Release|x86
	EndGlobalSection
	GlobalSection(ProjectConfigurationPlatforms) = postSolution
		{56713465-A085-445A-A482-6AB244A90540}.Debug|x64.ActiveCfg = Debug|x64
		{56713465-A085-445A-A482-6AB244A90540}.Debug|x64.Build.0 = Debug|x64
		{56713465-A085-445A-A482-6AB244A90540}.Debug|x86.ActiveCfg = Debug|Win32
		{56713465-A085-445A-A482-6AB244A90540}.Debug|x86.Build.0 = Debug|Win32
		{56713465-A085-445A-A482-6AB244A90540}.Release|x64.ActiveCfg = Release|x64
		{56713465-A085-445A-A482-6AB244A90540}.Release|x64.Build.0 = Release|x64
		{56713465-A085-445A-A482-6AB244A90540}.Release|x86.ActiveCfg = Release|Win32
		{56713465-A085-445A-A482-6AB244A90540}.Release|x86.Build.0 = Release|Win32
		{1CFB9CF5-F467-4834-8FA8-E42F53529EA1}.Debug|x64.ActiveCfg = Debug|x64
		{1CFB9CF5-F467-4834-8FA8-E42F53529EA1}.Debug|x64.Build.0 = Debug|x64
		{1CFB9CF5-F467-4834-8FA8-E42F53529EA1}.Debug|x86.ActiveCfg = Debug|Win32
		{1CFB9CF5-F467-4834-8FA8-E42F53529EA1}.Debug|x86.Build.0 = Debug|Win32
		{1CFB9CF5-F467-4834-8FA8-E42F53529EA1}.Release|x64.ActiveCfg = Release|x64
		{1CFB9CF5-F467-4834-8FA8-E42F53529EA1}.Release|x64.Build.0 = Release|x64
		{1CFB9CF5-F467-4834-8FA8-E42F53529EA1}.Release|x86.ActiveCfg = Release|Win32
		{1CFB9CF5-F467-4834-8FA8-E42F53529EA1}.Release|x86.Build.0 = Release|Win32
		{E15CD147-07C6-4EAD-8040-42B155705EAA}.Debug|x64.ActiveCfg = Debug|x64
		{E15CD147-07C6-4EAD-8040-42B155705EAA}.Debug|x64.Build.0 = Debug|x64
		{E15CD147-07C6-4EAD-8040-42B155705EAA}.Debug|x86.ActiveCfg = Debug|Win32
		{E15CD147-07C6-4EAD-8040-42B155705EAA}.Debug|x86.Build.0 = Debug|Win32
		{E15CD147-07C6-4EAD-8040-42B155705EAA}.Release|x64.ActiveCfg = Release|x64
		{E15CD147-07C6-4EAD-8040-42B155705EAA}.Release|x64.Build.0 = Release|x64
		{E15CD147-07C6-4EAD-8040-42B155705EAA}.Release|x86.ActiveCfg = Release|Win32
		{E15CD147-07C6-4EAD-8040-42B155705EAA}.Release|x86.Build.0 = Release|Win32
		{1A06F4BF-2519-469F-976E-5947723038EF}.Debug|x64.ActiveCfg = Debug|x64
		{1A06F4BF-2519-469F-976E-5947723038EF}.Debug|x64.Build.0 = Debug|x64
		{1A06F4BF-2519-469F-976E-5947723038EF}.Debug|x86.ActiveCfg = Debug|Win32
		{1A06F4BF-2519-469F-976E-5947723038EF}.Debug|x86.Build.0 = Debug|Win32
		{1A06F4BF-2519-469F-976E-5947723038EF}.Release|x64.ActiveCfg = Release|x64
		{1A06F4BF-2519-469F-976E-5947723038EF}.Release|x64.Build.0 = Release|x64
		{1A06F4BF-2519-469F-976E-5947723038EF}.Release|x86.ActiveCfg = Release|Win32
		{1A06F4BF-2519-469F-976E-5947723038EF}.Release|x86.Build.0 = Release|Win32
		{98A7A48A-3759-437F-B1B0-F4CD538126A5}.Debug|x64.ActiveCfg = Debug|x64
		{98A7A48A-3759-437F-B1B0-F4CD538126A5}.Debug|x64.Build.0 = Debug|x64
		{98A7A48A-3759-437F-B1B0-F4CD538126A5}.Debug|x86.ActiveCfg = Debug|Win32
		{98A7A48A-3759-437F-B1B0-F4CD538126A5}.Debug|x86.Build.0 = Debug|Win32
		{98A7A48A-3759-437F-B1B0-F4CD538126A5}.Release|x64.ActiveCfg = Release|x64
		{98A7A48A-3759-437F-B1B0-F4CD538126A5}.Release|x64.Build.0 = Release|x64
		{98A7A48A-3759-437F-B1B0-F4CD538126A5}.Release|x86.ActiveCfg = Release|Win32
		{98A7A48A-3759-437F-B1B0-F4CD538126A5}.Release|x86.Build.0 = Release|Win32
		{7A212538-D805-42C9-A02D-547F4999910C}.Debug|x64.ActiveCfg = Debug|x64
		{7A212538-D805-42C9-A02D-547F4999910C}.Debug|x64.Build.0 = Debug|x64
		{7A212538-D805-42C9-A02D-547F4999910C}.Debug|x86.ActiveCfg = Debug|Win32
		{7A212538-D805-42C9-A02D-547F4999910C}.Debug|x86.Build.0 = Debug|Win32
		{7A212538-D805-42C9-A02D-547F4999910C}.Release|x64.ActiveCfg = Release|x64
		{7A212538-D805-42C9-A02D-547F4999910C}.Release|x64.Build.0 = Release|x64
		{7A212538-D805-42C9-A02D-547F4999910C}.Release|x86.ActiveCfg = Release|Win32
		{7A212538-D805-42C9-A02D-547F4999910C}.Release|x86.Build.0 = Release|Win32
	EndGlobalSection
	GlobalSection(SolutionProperties) = preSolution
		HideSolutionNode = FALSE
	EndGlobalSection
	GlobalSection(ExtensibilityGlobals) = postSolution
		SolutionGuid = {A141AC7B-6223-4470-A8FC-FB0F5600E6E3}
	EndGlobalSection
EndGlobal
