
Microsoft Visual Studio Solution File, Format Version 12.00
# Visual Studio Version 17
VisualStudioVersion = 17.13.35825.156
MinimumVisualStudioVersion = 10.0.40219.1
Project("{8BC9CEB8-8B4A-11D0-8D11-00A0C91BC942}") = "ThreadExample", "ThreadExample\ThreadExample.vcxproj", "{8D08EE05-5666-410A-A361-997EA1B3F9DF}"
EndProject
Project("{8BC9CEB8-8B4A-11D0-8D11-00A0C91BC942}") = "ThreadWithParams", "ThreadWithParams\ThreadWithParams.vcxproj", "{FEA1D793-E3B8-4C41-9A95-50EC554030A4}"
EndProject
Project("{8BC9CEB8-8B4A-11D0-8D11-00A0C91BC942}") = "ThreadWithRef", "ThreadWithRef\ThreadWithRef.vcxproj", "{60715678-345C-40F2-B7AD-571428D48D13}"
EndProject
Project("{8BC9CEB8-8B4A-11D0-8D11-00A0C91BC942}") = "ThreadPasswHack", "ThreadPasswHack\ThreadPasswHack.vcxproj", "{6C33467B-0592-422A-A382-11F12FACF465}"
EndProject
Project("{8BC9CEB8-8B4A-11D0-8D11-00A0C91BC942}") = "ThreadsInc", "ThreadsInc\ThreadsInc.vcxproj", "{559466D7-7837-444C-8847-B26B8B76019C}"
EndProject
Project("{8BC9CEB8-8B4A-11D0-8D11-00A0C91BC942}") = "AtomicSync", "AtomicSync\AtomicSync.vcxproj", "{4B7309F0-D52D-45FF-9362-D9A137A25B1B}"
EndProject
Project("{8BC9CEB8-8B4A-11D0-8D11-00A0C91BC942}") = "ProducerConsumer1", "ProducerConsumer1\ProducerConsumer1.vcxproj", "{895A3F5A-B3BE-42FD-AF2B-BB91590B1F71}"
EndProject
Project("{8BC9CEB8-8B4A-11D0-8D11-00A0C91BC942}") = "ProducerConsumer2", "ProducerConsumer2\ProducerConsumer2.vcxproj", "{34F29DF5-E1C9-41F2-872F-E0EEA052540E}"
EndProject
Project("{8BC9CEB8-8B4A-11D0-8D11-00A0C91BC942}") = "ProducerConsumer3", "ProducerConsumer3\ProducerConsumer3.vcxproj", "{36E0F979-3A6B-4350-8F75-A1F0598ABF97}"
EndProject
Project("{8BC9CEB8-8B4A-11D0-8D11-00A0C91BC942}") = "ThreadPhoneBook", "ThreadPhoneBook\ThreadPhoneBook.vcxproj", "{143D8AA1-98ED-4380-97A4-4B70B6A4FF1C}"
EndProject
Global
	GlobalSection(SolutionConfigurationPlatforms) = preSolution
		Debug|x64 = Debug|x64
		Debug|x86 = Debug|x86
		Release|x64 = Release|x64
		Release|x86 = Release|x86
	EndGlobalSection
	GlobalSection(ProjectConfigurationPlatforms) = postSolution
		{8D08EE05-5666-410A-A361-997EA1B3F9DF}.Debug|x64.ActiveCfg = Debug|x64
		{8D08EE05-5666-410A-A361-997EA1B3F9DF}.Debug|x64.Build.0 = Debug|x64
		{8D08EE05-5666-410A-A361-997EA1B3F9DF}.Debug|x86.ActiveCfg = Debug|Win32
		{8D08EE05-5666-410A-A361-997EA1B3F9DF}.Debug|x86.Build.0 = Debug|Win32
		{8D08EE05-5666-410A-A361-997EA1B3F9DF}.Release|x64.ActiveCfg = Release|x64
		{8D08EE05-5666-410A-A361-997EA1B3F9DF}.Release|x64.Build.0 = Release|x64
		{8D08EE05-5666-410A-A361-997EA1B3F9DF}.Release|x86.ActiveCfg = Release|Win32
		{8D08EE05-5666-410A-A361-997EA1B3F9DF}.Release|x86.Build.0 = Release|Win32
		{FEA1D793-E3B8-4C41-9A95-50EC554030A4}.Debug|x64.ActiveCfg = Debug|x64
		{FEA1D793-E3B8-4C41-9A95-50EC554030A4}.Debug|x64.Build.0 = Debug|x64
		{FEA1D793-E3B8-4C41-9A95-50EC554030A4}.Debug|x86.ActiveCfg = Debug|Win32
		{FEA1D793-E3B8-4C41-9A95-50EC554030A4}.Debug|x86.Build.0 = Debug|Win32
		{FEA1D793-E3B8-4C41-9A95-50EC554030A4}.Release|x64.ActiveCfg = Release|x64
		{FEA1D793-E3B8-4C41-9A95-50EC554030A4}.Release|x64.Build.0 = Release|x64
		{FEA1D793-E3B8-4C41-9A95-50EC554030A4}.Release|x86.ActiveCfg = Release|Win32
		{FEA1D793-E3B8-4C41-9A95-50EC554030A4}.Release|x86.Build.0 = Release|Win32
		{60715678-345C-40F2-B7AD-571428D48D13}.Debug|x64.ActiveCfg = Debug|x64
		{60715678-345C-40F2-B7AD-571428D48D13}.Debug|x64.Build.0 = Debug|x64
		{60715678-345C-40F2-B7AD-571428D48D13}.Debug|x86.ActiveCfg = Debug|Win32
		{60715678-345C-40F2-B7AD-571428D48D13}.Debug|x86.Build.0 = Debug|Win32
		{60715678-345C-40F2-B7AD-571428D48D13}.Release|x64.ActiveCfg = Release|x64
		{60715678-345C-40F2-B7AD-571428D48D13}.Release|x64.Build.0 = Release|x64
		{60715678-345C-40F2-B7AD-571428D48D13}.Release|x86.ActiveCfg = Release|Win32
		{60715678-345C-40F2-B7AD-571428D48D13}.Release|x86.Build.0 = Release|Win32
		{6C33467B-0592-422A-A382-11F12FACF465}.Debug|x64.ActiveCfg = Debug|x64
		{6C33467B-0592-422A-A382-11F12FACF465}.Debug|x64.Build.0 = Debug|x64
		{6C33467B-0592-422A-A382-11F12FACF465}.Debug|x86.ActiveCfg = Debug|Win32
		{6C33467B-0592-422A-A382-11F12FACF465}.Debug|x86.Build.0 = Debug|Win32
		{6C33467B-0592-422A-A382-11F12FACF465}.Release|x64.ActiveCfg = Release|x64
		{6C33467B-0592-422A-A382-11F12FACF465}.Release|x64.Build.0 = Release|x64
		{6C33467B-0592-422A-A382-11F12FACF465}.Release|x86.ActiveCfg = Release|Win32
		{6C33467B-0592-422A-A382-11F12FACF465}.Release|x86.Build.0 = Release|Win32
		{559466D7-7837-444C-8847-B26B8B76019C}.Debug|x64.ActiveCfg = Debug|x64
		{559466D7-7837-444C-8847-B26B8B76019C}.Debug|x64.Build.0 = Debug|x64
		{559466D7-7837-444C-8847-B26B8B76019C}.Debug|x86.ActiveCfg = Debug|Win32
		{559466D7-7837-444C-8847-B26B8B76019C}.Debug|x86.Build.0 = Debug|Win32
		{559466D7-7837-444C-8847-B26B8B76019C}.Release|x64.ActiveCfg = Release|x64
		{559466D7-7837-444C-8847-B26B8B76019C}.Release|x64.Build.0 = Release|x64
		{559466D7-7837-444C-8847-B26B8B76019C}.Release|x86.ActiveCfg = Release|Win32
		{559466D7-7837-444C-8847-B26B8B76019C}.Release|x86.Build.0 = Release|Win32
		{4B7309F0-D52D-45FF-9362-D9A137A25B1B}.Debug|x64.ActiveCfg = Debug|x64
		{4B7309F0-D52D-45FF-9362-D9A137A25B1B}.Debug|x64.Build.0 = Debug|x64
		{4B7309F0-D52D-45FF-9362-D9A137A25B1B}.Debug|x86.ActiveCfg = Debug|Win32
		{4B7309F0-D52D-45FF-9362-D9A137A25B1B}.Debug|x86.Build.0 = Debug|Win32
		{4B7309F0-D52D-45FF-9362-D9A137A25B1B}.Release|x64.ActiveCfg = Release|x64
		{4B7309F0-D52D-45FF-9362-D9A137A25B1B}.Release|x64.Build.0 = Release|x64
		{4B7309F0-D52D-45FF-9362-D9A137A25B1B}.Release|x86.ActiveCfg = Release|Win32
		{4B7309F0-D52D-45FF-9362-D9A137A25B1B}.Release|x86.Build.0 = Release|Win32
		{895A3F5A-B3BE-42FD-AF2B-BB91590B1F71}.Debug|x64.ActiveCfg = Debug|x64
		{895A3F5A-B3BE-42FD-AF2B-BB91590B1F71}.Debug|x64.Build.0 = Debug|x64
		{895A3F5A-B3BE-42FD-AF2B-BB91590B1F71}.Debug|x86.ActiveCfg = Debug|Win32
		{895A3F5A-B3BE-42FD-AF2B-BB91590B1F71}.Debug|x86.Build.0 = Debug|Win32
		{895A3F5A-B3BE-42FD-AF2B-BB91590B1F71}.Release|x64.ActiveCfg = Release|x64
		{895A3F5A-B3BE-42FD-AF2B-BB91590B1F71}.Release|x64.Build.0 = Release|x64
		{895A3F5A-B3BE-42FD-AF2B-BB91590B1F71}.Release|x86.ActiveCfg = Release|Win32
		{895A3F5A-B3BE-42FD-AF2B-BB91590B1F71}.Release|x86.Build.0 = Release|Win32
		{34F29DF5-E1C9-41F2-872F-E0EEA052540E}.Debug|x64.ActiveCfg = Debug|x64
		{34F29DF5-E1C9-41F2-872F-E0EEA052540E}.Debug|x64.Build.0 = Debug|x64
		{34F29DF5-E1C9-41F2-872F-E0EEA052540E}.Debug|x86.ActiveCfg = Debug|Win32
		{34F29DF5-E1C9-41F2-872F-E0EEA052540E}.Debug|x86.Build.0 = Debug|Win32
		{34F29DF5-E1C9-41F2-872F-E0EEA052540E}.Release|x64.ActiveCfg = Release|x64
		{34F29DF5-E1C9-41F2-872F-E0EEA052540E}.Release|x64.Build.0 = Release|x64
		{34F29DF5-E1C9-41F2-872F-E0EEA052540E}.Release|x86.ActiveCfg = Release|Win32
		{34F29DF5-E1C9-41F2-872F-E0EEA052540E}.Release|x86.Build.0 = Release|Win32
		{36E0F979-3A6B-4350-8F75-A1F0598ABF97}.Debug|x64.ActiveCfg = Debug|x64
		{36E0F979-3A6B-4350-8F75-A1F0598ABF97}.Debug|x64.Build.0 = Debug|x64
		{36E0F979-3A6B-4350-8F75-A1F0598ABF97}.Debug|x86.ActiveCfg = Debug|Win32
		{36E0F979-3A6B-4350-8F75-A1F0598ABF97}.Debug|x86.Build.0 = Debug|Win32
		{36E0F979-3A6B-4350-8F75-A1F0598ABF97}.Release|x64.ActiveCfg = Release|x64
		{36E0F979-3A6B-4350-8F75-A1F0598ABF97}.Release|x64.Build.0 = Release|x64
		{36E0F979-3A6B-4350-8F75-A1F0598ABF97}.Release|x86.ActiveCfg = Release|Win32
		{36E0F979-3A6B-4350-8F75-A1F0598ABF97}.Release|x86.Build.0 = Release|Win32
		{143D8AA1-98ED-4380-97A4-4B70B6A4FF1C}.Debug|x64.ActiveCfg = Debug|x64
		{143D8AA1-98ED-4380-97A4-4B70B6A4FF1C}.Debug|x64.Build.0 = Debug|x64
		{143D8AA1-98ED-4380-97A4-4B70B6A4FF1C}.Debug|x86.ActiveCfg = Debug|Win32
		{143D8AA1-98ED-4380-97A4-4B70B6A4FF1C}.Debug|x86.Build.0 = Debug|Win32
		{143D8AA1-98ED-4380-97A4-4B70B6A4FF1C}.Release|x64.ActiveCfg = Release|x64
		{143D8AA1-98ED-4380-97A4-4B70B6A4FF1C}.Release|x64.Build.0 = Release|x64
		{143D8AA1-98ED-4380-97A4-4B70B6A4FF1C}.Release|x86.ActiveCfg = Release|Win32
		{143D8AA1-98ED-4380-97A4-4B70B6A4FF1C}.Release|x86.Build.0 = Release|Win32
	EndGlobalSection
	GlobalSection(SolutionProperties) = preSolution
		HideSolutionNode = FALSE
	EndGlobalSection
	GlobalSection(ExtensibilityGlobals) = postSolution
		SolutionGuid = {6F0F7920-14F5-425D-9F07-77A2F6DCDDBF}
	EndGlobalSection
EndGlobal
