
Microsoft Visual Studio Solution File, Format Version 12.00
# Visual Studio Version 17
VisualStudioVersion = 17.13.35825.156
MinimumVisualStudioVersion = 10.0.40219.1
Project("{8BC9CEB8-8B4A-11D0-8D11-00A0C91BC942}") = "OOPBasics", "OOPBasics\OOPBasics.vcxproj", "{7C9F9717-CF23-49C0-92AE-E15BB99CB256}"
EndProject
Project("{8BC9CEB8-8B4A-11D0-8D11-00A0C91BC942}") = "StaticMembers", "StaticMembers\StaticMembers.vcxproj", "{9C52EC71-C0F5-4812-B3D7-F51E482E4BA3}"
EndProject
Project("{8BC9CEB8-8B4A-11D0-8D11-00A0C91BC942}") = "Animal", "Animal\Animal.vcxproj", "{300D61DE-219A-42AC-AF13-5E847A972244}"
EndProject
Project("{8BC9CEB8-8B4A-11D0-8D11-00A0C91BC942}") = "Animal2", "Animal2\Animal2.vcxproj", "{385B8BEC-7884-4600-8422-C2650D3386F0}"
EndProject
Project("{8BC9CEB8-8B4A-11D0-8D11-00A0C91BC942}") = "CopyExample", "CopyExample\CopyExample.vcxproj", "{C287F600-0028-44C3-AAB5-2FC10D847EFA}"
EndProject
Project("{8BC9CEB8-8B4A-11D0-8D11-00A0C91BC942}") = "HowManyCopies", "HowManyCopies\HowManyCopies.vcxproj", "{E61AA552-7513-42BE-B1F8-A95EC126E119}"
EndProject
Project("{8BC9CEB8-8B4A-11D0-8D11-00A0C91BC942}") = "FriendFunc", "FriendFunc\FriendFunc.vcxproj", "{D2CDCAEF-79F5-4920-A184-4C08FCFFAAB3}"
EndProject
Project("{8BC9CEB8-8B4A-11D0-8D11-00A0C91BC942}") = "FriendMethods", "FriendMethods\FriendMethods.vcxproj", "{94E3F495-ECAD-41BD-B70E-74150157B4E3}"
EndProject
Project("{8BC9CEB8-8B4A-11D0-8D11-00A0C91BC942}") = "FriendClass", "FriendClass\FriendClass.vcxproj", "{1089A228-4507-4D94-AADC-A8D90EF92FA0}"
EndProject
Global
	GlobalSection(SolutionConfigurationPlatforms) = preSolution
		Debug|x64 = Debug|x64
		Debug|x86 = Debug|x86
		Release|x64 = Release|x64
		Release|x86 = Release|x86
	EndGlobalSection
	GlobalSection(ProjectConfigurationPlatforms) = postSolution
		{7C9F9717-CF23-49C0-92AE-E15BB99CB256}.Debug|x64.ActiveCfg = Debug|x64
		{7C9F9717-CF23-49C0-92AE-E15BB99CB256}.Debug|x64.Build.0 = Debug|x64
		{7C9F9717-CF23-49C0-92AE-E15BB99CB256}.Debug|x86.ActiveCfg = Debug|Win32
		{7C9F9717-CF23-49C0-92AE-E15BB99CB256}.Debug|x86.Build.0 = Debug|Win32
		{7C9F9717-CF23-49C0-92AE-E15BB99CB256}.Release|x64.ActiveCfg = Release|x64
		{7C9F9717-CF23-49C0-92AE-E15BB99CB256}.Release|x64.Build.0 = Release|x64
		{7C9F9717-CF23-49C0-92AE-E15BB99CB256}.Release|x86.ActiveCfg = Release|Win32
		{7C9F9717-CF23-49C0-92AE-E15BB99CB256}.Release|x86.Build.0 = Release|Win32
		{9C52EC71-C0F5-4812-B3D7-F51E482E4BA3}.Debug|x64.ActiveCfg = Debug|x64
		{9C52EC71-C0F5-4812-B3D7-F51E482E4BA3}.Debug|x64.Build.0 = Debug|x64
		{9C52EC71-C0F5-4812-B3D7-F51E482E4BA3}.Debug|x86.ActiveCfg = Debug|Win32
		{9C52EC71-C0F5-4812-B3D7-F51E482E4BA3}.Debug|x86.Build.0 = Debug|Win32
		{9C52EC71-C0F5-4812-B3D7-F51E482E4BA3}.Release|x64.ActiveCfg = Release|x64
		{9C52EC71-C0F5-4812-B3D7-F51E482E4BA3}.Release|x64.Build.0 = Release|x64
		{9C52EC71-C0F5-4812-B3D7-F51E482E4BA3}.Release|x86.ActiveCfg = Release|Win32
		{9C52EC71-C0F5-4812-B3D7-F51E482E4BA3}.Release|x86.Build.0 = Release|Win32
		{300D61DE-219A-42AC-AF13-5E847A972244}.Debug|x64.ActiveCfg = Debug|x64
		{300D61DE-219A-42AC-AF13-5E847A972244}.Debug|x64.Build.0 = Debug|x64
		{300D61DE-219A-42AC-AF13-5E847A972244}.Debug|x86.ActiveCfg = Debug|Win32
		{300D61DE-219A-42AC-AF13-5E847A972244}.Debug|x86.Build.0 = Debug|Win32
		{300D61DE-219A-42AC-AF13-5E847A972244}.Release|x64.ActiveCfg = Release|x64
		{300D61DE-219A-42AC-AF13-5E847A972244}.Release|x64.Build.0 = Release|x64
		{300D61DE-219A-42AC-AF13-5E847A972244}.Release|x86.ActiveCfg = Release|Win32
		{300D61DE-219A-42AC-AF13-5E847A972244}.Release|x86.Build.0 = Release|Win32
		{385B8BEC-7884-4600-8422-C2650D3386F0}.Debug|x64.ActiveCfg = Debug|x64
		{385B8BEC-7884-4600-8422-C2650D3386F0}.Debug|x64.Build.0 = Debug|x64
		{385B8BEC-7884-4600-8422-C2650D3386F0}.Debug|x86.ActiveCfg = Debug|Win32
		{385B8BEC-7884-4600-8422-C2650D3386F0}.Debug|x86.Build.0 = Debug|Win32
		{385B8BEC-7884-4600-8422-C2650D3386F0}.Release|x64.ActiveCfg = Release|x64
		{385B8BEC-7884-4600-8422-C2650D3386F0}.Release|x64.Build.0 = Release|x64
		{385B8BEC-7884-4600-8422-C2650D3386F0}.Release|x86.ActiveCfg = Release|Win32
		{385B8BEC-7884-4600-8422-C2650D3386F0}.Release|x86.Build.0 = Release|Win32
		{C287F600-0028-44C3-AAB5-2FC10D847EFA}.Debug|x64.ActiveCfg = Debug|x64
		{C287F600-0028-44C3-AAB5-2FC10D847EFA}.Debug|x64.Build.0 = Debug|x64
		{C287F600-0028-44C3-AAB5-2FC10D847EFA}.Debug|x86.ActiveCfg = Debug|Win32
		{C287F600-0028-44C3-AAB5-2FC10D847EFA}.Debug|x86.Build.0 = Debug|Win32
		{C287F600-0028-44C3-AAB5-2FC10D847EFA}.Release|x64.ActiveCfg = Release|x64
		{C287F600-0028-44C3-AAB5-2FC10D847EFA}.Release|x64.Build.0 = Release|x64
		{C287F600-0028-44C3-AAB5-2FC10D847EFA}.Release|x86.ActiveCfg = Release|Win32
		{C287F600-0028-44C3-AAB5-2FC10D847EFA}.Release|x86.Build.0 = Release|Win32
		{E61AA552-7513-42BE-B1F8-A95EC126E119}.Debug|x64.ActiveCfg = Debug|x64
		{E61AA552-7513-42BE-B1F8-A95EC126E119}.Debug|x64.Build.0 = Debug|x64
		{E61AA552-7513-42BE-B1F8-A95EC126E119}.Debug|x86.ActiveCfg = Debug|Win32
		{E61AA552-7513-42BE-B1F8-A95EC126E119}.Debug|x86.Build.0 = Debug|Win32
		{E61AA552-7513-42BE-B1F8-A95EC126E119}.Release|x64.ActiveCfg = Release|x64
		{E61AA552-7513-42BE-B1F8-A95EC126E119}.Release|x64.Build.0 = Release|x64
		{E61AA552-7513-42BE-B1F8-A95EC126E119}.Release|x86.ActiveCfg = Release|Win32
		{E61AA552-7513-42BE-B1F8-A95EC126E119}.Release|x86.Build.0 = Release|Win32
		{D2CDCAEF-79F5-4920-A184-4C08FCFFAAB3}.Debug|x64.ActiveCfg = Debug|x64
		{D2CDCAEF-79F5-4920-A184-4C08FCFFAAB3}.Debug|x64.Build.0 = Debug|x64
		{D2CDCAEF-79F5-4920-A184-4C08FCFFAAB3}.Debug|x86.ActiveCfg = Debug|Win32
		{D2CDCAEF-79F5-4920-A184-4C08FCFFAAB3}.Debug|x86.Build.0 = Debug|Win32
		{D2CDCAEF-79F5-4920-A184-4C08FCFFAAB3}.Release|x64.ActiveCfg = Release|x64
		{D2CDCAEF-79F5-4920-A184-4C08FCFFAAB3}.Release|x64.Build.0 = Release|x64
		{D2CDCAEF-79F5-4920-A184-4C08FCFFAAB3}.Release|x86.ActiveCfg = Release|Win32
		{D2CDCAEF-79F5-4920-A184-4C08FCFFAAB3}.Release|x86.Build.0 = Release|Win32
		{94E3F495-ECAD-41BD-B70E-74150157B4E3}.Debug|x64.ActiveCfg = Debug|x64
		{94E3F495-ECAD-41BD-B70E-74150157B4E3}.Debug|x64.Build.0 = Debug|x64
		{94E3F495-ECAD-41BD-B70E-74150157B4E3}.Debug|x86.ActiveCfg = Debug|Win32
		{94E3F495-ECAD-41BD-B70E-74150157B4E3}.Debug|x86.Build.0 = Debug|Win32
		{94E3F495-ECAD-41BD-B70E-74150157B4E3}.Release|x64.ActiveCfg = Release|x64
		{94E3F495-ECAD-41BD-B70E-74150157B4E3}.Release|x64.Build.0 = Release|x64
		{94E3F495-ECAD-41BD-B70E-74150157B4E3}.Release|x86.ActiveCfg = Release|Win32
		{94E3F495-ECAD-41BD-B70E-74150157B4E3}.Release|x86.Build.0 = Release|Win32
		{1089A228-4507-4D94-AADC-A8D90EF92FA0}.Debug|x64.ActiveCfg = Debug|x64
		{1089A228-4507-4D94-AADC-A8D90EF92FA0}.Debug|x64.Build.0 = Debug|x64
		{1089A228-4507-4D94-AADC-A8D90EF92FA0}.Debug|x86.ActiveCfg = Debug|Win32
		{1089A228-4507-4D94-AADC-A8D90EF92FA0}.Debug|x86.Build.0 = Debug|Win32
		{1089A228-4507-4D94-AADC-A8D90EF92FA0}.Release|x64.ActiveCfg = Release|x64
		{1089A228-4507-4D94-AADC-A8D90EF92FA0}.Release|x64.Build.0 = Release|x64
		{1089A228-4507-4D94-AADC-A8D90EF92FA0}.Release|x86.ActiveCfg = Release|Win32
		{1089A228-4507-4D94-AADC-A8D90EF92FA0}.Release|x86.Build.0 = Release|Win32
	EndGlobalSection
	GlobalSection(SolutionProperties) = preSolution
		HideSolutionNode = FALSE
	EndGlobalSection
	GlobalSection(ExtensibilityGlobals) = postSolution
		SolutionGuid = {A5DA532F-546F-4B91-AB67-88E01E459FD0}
	EndGlobalSection
EndGlobal
