
Microsoft Visual Studio Solution File, Format Version 12.00
# Visual Studio Version 16
VisualStudioVersion = 16.0.30907.101
MinimumVisualStudioVersion = 10.0.40219.1
Project("{8BC9CEB8-8B4A-11D0-8D11-00A0C91BC942}") = "streams", "streams\streams.vcxproj", "{4FC48146-99CB-4D11-9F0F-0AABD7109674}"
EndProject
Project("{8BC9CEB8-8B4A-11D0-8D11-00A0C91BC942}") = "files", "files\files.vcxproj", "{791590A8-A902-447C-987C-C67F26C0C492}"
EndProject
Project("{8BC9CEB8-8B4A-11D0-8D11-00A0C91BC942}") = "SEFiles", "SEFiles\SEFiles.vcxproj", "{DE4C1620-BF3B-419C-9AC1-5413E1F62280}"
EndProject
Project("{8BC9CEB8-8B4A-11D0-8D11-00A0C91BC942}") = "ReadRootsFromFile", "ReadRootsFromFile\ReadRootsFromFile.vcxproj", "{FB396519-AEAF-4FDE-9513-F6965ED5753B}"
EndProject
Project("{8BC9CEB8-8B4A-11D0-8D11-00A0C91BC942}") = "FileLength", "FileLength\FileLength.vcxproj", "{6F40112B-46BF-45C0-ACE8-89EEBC1A7212}"
EndProject
Project("{8BC9CEB8-8B4A-11D0-8D11-00A0C91BC942}") = "BinaryFiles", "BinaryFiles\BinaryFiles.vcxproj", "{59D23B25-699A-46C0-8DC9-71F614A73CB5}"
EndProject
Project("{8BC9CEB8-8B4A-11D0-8D11-00A0C91BC942}") = "SymbolDetectionExample", "SymbolDetectionExample\SymbolDetectionExample.vcxproj", "{B1EE00A3-9839-4268-B66E-DD622F5D3AC4}"
EndProject
Project("{8BC9CEB8-8B4A-11D0-8D11-00A0C91BC942}") = "ReadRootsFromBinaryFile", "ReadRootsFromBinaryFile\ReadRootsFromBinaryFile.vcxproj", "{794EF261-A426-4769-9488-C656327729B1}"
EndProject
Project("{8BC9CEB8-8B4A-11D0-8D11-00A0C91BC942}") = "InvalidOperationsWithBinaryFiles", "InvalidOperationsWithBinaryFiles\InvalidOperationsWithBinaryFiles.vcxproj", "{1E0DA944-A561-488A-B21F-986C06643498}"
EndProject
Project("{8BC9CEB8-8B4A-11D0-8D11-00A0C91BC942}") = "OperationsWithBinaryFiles", "OperationsWithBinaryFiles\OperationsWithBinaryFiles.vcxproj", "{473896C6-CE49-459B-9608-B8FFD972FF7A}"
EndProject
Project("{8BC9CEB8-8B4A-11D0-8D11-00A0C91BC942}") = "Notebook", "Notebook\Notebook.vcxproj", "{CCDAB516-BD9E-4279-AB43-490D0931CDE3}"
EndProject
Project("{8BC9CEB8-8B4A-11D0-8D11-00A0C91BC942}") = "BMPBase", "BMPBase\BMPBase.vcxproj", "{7215593A-5DF7-4F3A-AF0E-C47C68DD1A72}"
EndProject
Global
	GlobalSection(SolutionConfigurationPlatforms) = preSolution
		Debug|x64 = Debug|x64
		Debug|x86 = Debug|x86
		Release|x64 = Release|x64
		Release|x86 = Release|x86
	EndGlobalSection
	GlobalSection(ProjectConfigurationPlatforms) = postSolution
		{4FC48146-99CB-4D11-9F0F-0AABD7109674}.Debug|x64.ActiveCfg = Debug|x64
		{4FC48146-99CB-4D11-9F0F-0AABD7109674}.Debug|x64.Build.0 = Debug|x64
		{4FC48146-99CB-4D11-9F0F-0AABD7109674}.Debug|x86.ActiveCfg = Debug|Win32
		{4FC48146-99CB-4D11-9F0F-0AABD7109674}.Debug|x86.Build.0 = Debug|Win32
		{4FC48146-99CB-4D11-9F0F-0AABD7109674}.Release|x64.ActiveCfg = Release|x64
		{4FC48146-99CB-4D11-9F0F-0AABD7109674}.Release|x64.Build.0 = Release|x64
		{4FC48146-99CB-4D11-9F0F-0AABD7109674}.Release|x86.ActiveCfg = Release|Win32
		{4FC48146-99CB-4D11-9F0F-0AABD7109674}.Release|x86.Build.0 = Release|Win32
		{791590A8-A902-447C-987C-C67F26C0C492}.Debug|x64.ActiveCfg = Debug|x64
		{791590A8-A902-447C-987C-C67F26C0C492}.Debug|x64.Build.0 = Debug|x64
		{791590A8-A902-447C-987C-C67F26C0C492}.Debug|x86.ActiveCfg = Debug|Win32
		{791590A8-A902-447C-987C-C67F26C0C492}.Debug|x86.Build.0 = Debug|Win32
		{791590A8-A902-447C-987C-C67F26C0C492}.Release|x64.ActiveCfg = Release|x64
		{791590A8-A902-447C-987C-C67F26C0C492}.Release|x64.Build.0 = Release|x64
		{791590A8-A902-447C-987C-C67F26C0C492}.Release|x86.ActiveCfg = Release|Win32
		{791590A8-A902-447C-987C-C67F26C0C492}.Release|x86.Build.0 = Release|Win32
		{DE4C1620-BF3B-419C-9AC1-5413E1F62280}.Debug|x64.ActiveCfg = Debug|x64
		{DE4C1620-BF3B-419C-9AC1-5413E1F62280}.Debug|x64.Build.0 = Debug|x64
		{DE4C1620-BF3B-419C-9AC1-5413E1F62280}.Debug|x86.ActiveCfg = Debug|Win32
		{DE4C1620-BF3B-419C-9AC1-5413E1F62280}.Debug|x86.Build.0 = Debug|Win32
		{DE4C1620-BF3B-419C-9AC1-5413E1F62280}.Release|x64.ActiveCfg = Release|x64
		{DE4C1620-BF3B-419C-9AC1-5413E1F62280}.Release|x64.Build.0 = Release|x64
		{DE4C1620-BF3B-419C-9AC1-5413E1F62280}.Release|x86.ActiveCfg = Release|Win32
		{DE4C1620-BF3B-419C-9AC1-5413E1F62280}.Release|x86.Build.0 = Release|Win32
		{FB396519-AEAF-4FDE-9513-F6965ED5753B}.Debug|x64.ActiveCfg = Debug|x64
		{FB396519-AEAF-4FDE-9513-F6965ED5753B}.Debug|x64.Build.0 = Debug|x64
		{FB396519-AEAF-4FDE-9513-F6965ED5753B}.Debug|x86.ActiveCfg = Debug|Win32
		{FB396519-AEAF-4FDE-9513-F6965ED5753B}.Debug|x86.Build.0 = Debug|Win32
		{FB396519-AEAF-4FDE-9513-F6965ED5753B}.Release|x64.ActiveCfg = Release|x64
		{FB396519-AEAF-4FDE-9513-F6965ED5753B}.Release|x64.Build.0 = Release|x64
		{FB396519-AEAF-4FDE-9513-F6965ED5753B}.Release|x86.ActiveCfg = Release|Win32
		{FB396519-AEAF-4FDE-9513-F6965ED5753B}.Release|x86.Build.0 = Release|Win32
		{6F40112B-46BF-45C0-ACE8-89EEBC1A7212}.Debug|x64.ActiveCfg = Debug|x64
		{6F40112B-46BF-45C0-ACE8-89EEBC1A7212}.Debug|x64.Build.0 = Debug|x64
		{6F40112B-46BF-45C0-ACE8-89EEBC1A7212}.Debug|x86.ActiveCfg = Debug|Win32
		{6F40112B-46BF-45C0-ACE8-89EEBC1A7212}.Debug|x86.Build.0 = Debug|Win32
		{6F40112B-46BF-45C0-ACE8-89EEBC1A7212}.Release|x64.ActiveCfg = Release|x64
		{6F40112B-46BF-45C0-ACE8-89EEBC1A7212}.Release|x64.Build.0 = Release|x64
		{6F40112B-46BF-45C0-ACE8-89EEBC1A7212}.Release|x86.ActiveCfg = Release|Win32
		{6F40112B-46BF-45C0-ACE8-89EEBC1A7212}.Release|x86.Build.0 = Release|Win32
		{59D23B25-699A-46C0-8DC9-71F614A73CB5}.Debug|x64.ActiveCfg = Debug|x64
		{59D23B25-699A-46C0-8DC9-71F614A73CB5}.Debug|x64.Build.0 = Debug|x64
		{59D23B25-699A-46C0-8DC9-71F614A73CB5}.Debug|x86.ActiveCfg = Debug|Win32
		{59D23B25-699A-46C0-8DC9-71F614A73CB5}.Debug|x86.Build.0 = Debug|Win32
		{59D23B25-699A-46C0-8DC9-71F614A73CB5}.Release|x64.ActiveCfg = Release|x64
		{59D23B25-699A-46C0-8DC9-71F614A73CB5}.Release|x64.Build.0 = Release|x64
		{59D23B25-699A-46C0-8DC9-71F614A73CB5}.Release|x86.ActiveCfg = Release|Win32
		{59D23B25-699A-46C0-8DC9-71F614A73CB5}.Release|x86.Build.0 = Release|Win32
		{B1EE00A3-9839-4268-B66E-DD622F5D3AC4}.Debug|x64.ActiveCfg = Debug|x64
		{B1EE00A3-9839-4268-B66E-DD622F5D3AC4}.Debug|x64.Build.0 = Debug|x64
		{B1EE00A3-9839-4268-B66E-DD622F5D3AC4}.Debug|x86.ActiveCfg = Debug|Win32
		{B1EE00A3-9839-4268-B66E-DD622F5D3AC4}.Debug|x86.Build.0 = Debug|Win32
		{B1EE00A3-9839-4268-B66E-DD622F5D3AC4}.Release|x64.ActiveCfg = Release|x64
		{B1EE00A3-9839-4268-B66E-DD622F5D3AC4}.Release|x64.Build.0 = Release|x64
		{B1EE00A3-9839-4268-B66E-DD622F5D3AC4}.Release|x86.ActiveCfg = Release|Win32
		{B1EE00A3-9839-4268-B66E-DD622F5D3AC4}.Release|x86.Build.0 = Release|Win32
		{794EF261-A426-4769-9488-C656327729B1}.Debug|x64.ActiveCfg = Debug|x64
		{794EF261-A426-4769-9488-C656327729B1}.Debug|x64.Build.0 = Debug|x64
		{794EF261-A426-4769-9488-C656327729B1}.Debug|x86.ActiveCfg = Debug|Win32
		{794EF261-A426-4769-9488-C656327729B1}.Debug|x86.Build.0 = Debug|Win32
		{794EF261-A426-4769-9488-C656327729B1}.Release|x64.ActiveCfg = Release|x64
		{794EF261-A426-4769-9488-C656327729B1}.Release|x64.Build.0 = Release|x64
		{794EF261-A426-4769-9488-C656327729B1}.Release|x86.ActiveCfg = Release|Win32
		{794EF261-A426-4769-9488-C656327729B1}.Release|x86.Build.0 = Release|Win32
		{1E0DA944-A561-488A-B21F-986C06643498}.Debug|x64.ActiveCfg = Debug|x64
		{1E0DA944-A561-488A-B21F-986C06643498}.Debug|x64.Build.0 = Debug|x64
		{1E0DA944-A561-488A-B21F-986C06643498}.Debug|x86.ActiveCfg = Debug|Win32
		{1E0DA944-A561-488A-B21F-986C06643498}.Debug|x86.Build.0 = Debug|Win32
		{1E0DA944-A561-488A-B21F-986C06643498}.Release|x64.ActiveCfg = Release|x64
		{1E0DA944-A561-488A-B21F-986C06643498}.Release|x64.Build.0 = Release|x64
		{1E0DA944-A561-488A-B21F-986C06643498}.Release|x86.ActiveCfg = Release|Win32
		{1E0DA944-A561-488A-B21F-986C06643498}.Release|x86.Build.0 = Release|Win32
		{473896C6-CE49-459B-9608-B8FFD972FF7A}.Debug|x64.ActiveCfg = Debug|x64
		{473896C6-CE49-459B-9608-B8FFD972FF7A}.Debug|x64.Build.0 = Debug|x64
		{473896C6-CE49-459B-9608-B8FFD972FF7A}.Debug|x86.ActiveCfg = Debug|Win32
		{473896C6-CE49-459B-9608-B8FFD972FF7A}.Debug|x86.Build.0 = Debug|Win32
		{473896C6-CE49-459B-9608-B8FFD972FF7A}.Release|x64.ActiveCfg = Release|x64
		{473896C6-CE49-459B-9608-B8FFD972FF7A}.Release|x64.Build.0 = Release|x64
		{473896C6-CE49-459B-9608-B8FFD972FF7A}.Release|x86.ActiveCfg = Release|Win32
		{473896C6-CE49-459B-9608-B8FFD972FF7A}.Release|x86.Build.0 = Release|Win32
		{CCDAB516-BD9E-4279-AB43-490D0931CDE3}.Debug|x64.ActiveCfg = Debug|x64
		{CCDAB516-BD9E-4279-AB43-490D0931CDE3}.Debug|x64.Build.0 = Debug|x64
		{CCDAB516-BD9E-4279-AB43-490D0931CDE3}.Debug|x86.ActiveCfg = Debug|Win32
		{CCDAB516-BD9E-4279-AB43-490D0931CDE3}.Debug|x86.Build.0 = Debug|Win32
		{CCDAB516-BD9E-4279-AB43-490D0931CDE3}.Release|x64.ActiveCfg = Release|x64
		{CCDAB516-BD9E-4279-AB43-490D0931CDE3}.Release|x64.Build.0 = Release|x64
		{CCDAB516-BD9E-4279-AB43-490D0931CDE3}.Release|x86.ActiveCfg = Release|Win32
		{CCDAB516-BD9E-4279-AB43-490D0931CDE3}.Release|x86.Build.0 = Release|Win32
		{7215593A-5DF7-4F3A-AF0E-C47C68DD1A72}.Debug|x64.ActiveCfg = Debug|x64
		{7215593A-5DF7-4F3A-AF0E-C47C68DD1A72}.Debug|x64.Build.0 = Debug|x64
		{7215593A-5DF7-4F3A-AF0E-C47C68DD1A72}.Debug|x86.ActiveCfg = Debug|Win32
		{7215593A-5DF7-4F3A-AF0E-C47C68DD1A72}.Debug|x86.Build.0 = Debug|Win32
		{7215593A-5DF7-4F3A-AF0E-C47C68DD1A72}.Release|x64.ActiveCfg = Release|x64
		{7215593A-5DF7-4F3A-AF0E-C47C68DD1A72}.Release|x64.Build.0 = Release|x64
		{7215593A-5DF7-4F3A-AF0E-C47C68DD1A72}.Release|x86.ActiveCfg = Release|Win32
		{7215593A-5DF7-4F3A-AF0E-C47C68DD1A72}.Release|x86.Build.0 = Release|Win32
	EndGlobalSection
	GlobalSection(SolutionProperties) = preSolution
		HideSolutionNode = FALSE
	EndGlobalSection
	GlobalSection(ExtensibilityGlobals) = postSolution
		SolutionGuid = {845C7EE8-EC53-4894-A2AB-92ACC25B328A}
	EndGlobalSection
EndGlobal
