
Microsoft Visual Studio Solution File, Format Version 12.00
# Visual Studio Version 17
VisualStudioVersion = 17.7.34003.232
MinimumVisualStudioVersion = 10.0.40219.1
Project("{8BC9CEB8-8B4A-11D0-8D11-00A0C91BC942}") = "RecSum", "RecSum\RecSum.vcxproj", "{7270AC03-5BF9-4D77-9591-9C85A315CC3D}"
EndProject
Project("{8BC9CEB8-8B4A-11D0-8D11-00A0C91BC942}") = "Circles", "Circles\Circles.vcxproj", "{79354A35-9D71-4ADA-87F1-CAEC416161B8}"
EndProject
Project("{8BC9CEB8-8B4A-11D0-8D11-00A0C91BC942}") = "Fact", "Fact\Fact.vcxproj", "{7B263401-0F2B-4708-8837-905C21FD41CD}"
EndProject
Global
	GlobalSection(SolutionConfigurationPlatforms) = preSolution
		Debug|x64 = Debug|x64
		Debug|x86 = Debug|x86
		Release|x64 = Release|x64
		Release|x86 = Release|x86
	EndGlobalSection
	GlobalSection(ProjectConfigurationPlatforms) = postSolution
		{7270AC03-5BF9-4D77-9591-9C85A315CC3D}.Debug|x64.ActiveCfg = Debug|x64
		{7270AC03-5BF9-4D77-9591-9C85A315CC3D}.Debug|x64.Build.0 = Debug|x64
		{7270AC03-5BF9-4D77-9591-9C85A315CC3D}.Debug|x86.ActiveCfg = Debug|Win32
		{7270AC03-5BF9-4D77-9591-9C85A315CC3D}.Debug|x86.Build.0 = Debug|Win32
		{7270AC03-5BF9-4D77-9591-9C85A315CC3D}.Release|x64.ActiveCfg = Release|x64
		{7270AC03-5BF9-4D77-9591-9C85A315CC3D}.Release|x64.Build.0 = Release|x64
		{7270AC03-5BF9-4D77-9591-9C85A315CC3D}.Release|x86.ActiveCfg = Release|Win32
		{7270AC03-5BF9-4D77-9591-9C85A315CC3D}.Release|x86.Build.0 = Release|Win32
		{79354A35-9D71-4ADA-87F1-CAEC416161B8}.Debug|x64.ActiveCfg = Debug|x64
		{79354A35-9D71-4ADA-87F1-CAEC416161B8}.Debug|x64.Build.0 = Debug|x64
		{79354A35-9D71-4ADA-87F1-CAEC416161B8}.Debug|x86.ActiveCfg = Debug|Win32
		{79354A35-9D71-4ADA-87F1-CAEC416161B8}.Debug|x86.Build.0 = Debug|Win32
		{79354A35-9D71-4ADA-87F1-CAEC416161B8}.Release|x64.ActiveCfg = Release|x64
		{79354A35-9D71-4ADA-87F1-CAEC416161B8}.Release|x64.Build.0 = Release|x64
		{79354A35-9D71-4ADA-87F1-CAEC416161B8}.Release|x86.ActiveCfg = Release|Win32
		{79354A35-9D71-4ADA-87F1-CAEC416161B8}.Release|x86.Build.0 = Release|Win32
		{7B263401-0F2B-4708-8837-905C21FD41CD}.Debug|x64.ActiveCfg = Debug|x64
		{7B263401-0F2B-4708-8837-905C21FD41CD}.Debug|x64.Build.0 = Debug|x64
		{7B263401-0F2B-4708-8837-905C21FD41CD}.Debug|x86.ActiveCfg = Debug|Win32
		{7B263401-0F2B-4708-8837-905C21FD41CD}.Debug|x86.Build.0 = Debug|Win32
		{7B263401-0F2B-4708-8837-905C21FD41CD}.Release|x64.ActiveCfg = Release|x64
		{7B263401-0F2B-4708-8837-905C21FD41CD}.Release|x64.Build.0 = Release|x64
		{7B263401-0F2B-4708-8837-905C21FD41CD}.Release|x86.ActiveCfg = Release|Win32
		{7B263401-0F2B-4708-8837-905C21FD41CD}.Release|x86.Build.0 = Release|Win32
	EndGlobalSection
	GlobalSection(SolutionProperties) = preSolution
		HideSolutionNode = FALSE
	EndGlobalSection
	GlobalSection(ExtensibilityGlobals) = postSolution
		SolutionGuid = {7B37DB6C-6150-4FCC-A265-850FE7AB4632}
	EndGlobalSection
EndGlobal
