
Microsoft Visual Studio Solution File, Format Version 12.00
# Visual Studio Version 17
VisualStudioVersion = 17.13.35825.156 d17.13
MinimumVisualStudioVersion = 10.0.40219.1
Project("{8BC9CEB8-8B4A-11D0-8D11-00A0C91BC942}") = "Multimap", "Multimap\Multimap.vcxproj", "{1DD0D06D-FD91-45CE-82A3-94D8A3BCF860}"
EndProject
Global
	GlobalSection(SolutionConfigurationPlatforms) = preSolution
		Debug|x64 = Debug|x64
		Debug|x86 = Debug|x86
		Release|x64 = Release|x64
		Release|x86 = Release|x86
	EndGlobalSection
	GlobalSection(ProjectConfigurationPlatforms) = postSolution
		{1DD0D06D-FD91-45CE-82A3-94D8A3BCF860}.Debug|x64.ActiveCfg = Debug|x64
		{1DD0D06D-FD91-45CE-82A3-94D8A3BCF860}.Debug|x64.Build.0 = Debug|x64
		{1DD0D06D-FD91-45CE-82A3-94D8A3BCF860}.Debug|x86.ActiveCfg = Debug|Win32
		{1DD0D06D-FD91-45CE-82A3-94D8A3BCF860}.Debug|x86.Build.0 = Debug|Win32
		{1DD0D06D-FD91-45CE-82A3-94D8A3BCF860}.Release|x64.ActiveCfg = Release|x64
		{1DD0D06D-FD91-45CE-82A3-94D8A3BCF860}.Release|x64.Build.0 = Release|x64
		{1DD0D06D-FD91-45CE-82A3-94D8A3BCF860}.Release|x86.ActiveCfg = Release|Win32
		{1DD0D06D-FD91-45CE-82A3-94D8A3BCF860}.Release|x86.Build.0 = Release|Win32
	EndGlobalSection
	GlobalSection(SolutionProperties) = preSolution
		HideSolutionNode = FALSE
	EndGlobalSection
	GlobalSection(ExtensibilityGlobals) = postSolution
		SolutionGuid = {1DAE115D-9F74-443B-8262-717D782DFAD5}
	EndGlobalSection
EndGlobal
