
Microsoft Visual Studio Solution File, Format Version 12.00
# Visual Studio Version 17
VisualStudioVersion = 17.13.35825.156
MinimumVisualStudioVersion = 10.0.40219.1
Project("{8BC9CEB8-8B4A-11D0-8D11-00A0C91BC942}") = "GObjects", "GObjects\GObjects.vcxproj", "{1863860E-D1FC-40BA-B449-C9F291C81BC9}"
EndProject
Project("{8BC9CEB8-8B4A-11D0-8D11-00A0C91BC942}") = "GObjects2", "GObjects2\GObjects2.vcxproj", "{4A3986CA-7CA2-49B2-916D-C7B80C8362E0}"
EndProject
Global
	GlobalSection(SolutionConfigurationPlatforms) = preSolution
		Debug|x64 = Debug|x64
		Debug|x86 = Debug|x86
		Release|x64 = Release|x64
		Release|x86 = Release|x86
	EndGlobalSection
	GlobalSection(ProjectConfigurationPlatforms) = postSolution
		{1863860E-D1FC-40BA-B449-C9F291C81BC9}.Debug|x64.ActiveCfg = Debug|x64
		{1863860E-D1FC-40BA-B449-C9F291C81BC9}.Debug|x64.Build.0 = Debug|x64
		{1863860E-D1FC-40BA-B449-C9F291C81BC9}.Debug|x86.ActiveCfg = Debug|Win32
		{1863860E-D1FC-40BA-B449-C9F291C81BC9}.Debug|x86.Build.0 = Debug|Win32
		{1863860E-D1FC-40BA-B449-C9F291C81BC9}.Release|x64.ActiveCfg = Release|x64
		{1863860E-D1FC-40BA-B449-C9F291C81BC9}.Release|x64.Build.0 = Release|x64
		{1863860E-D1FC-40BA-B449-C9F291C81BC9}.Release|x86.ActiveCfg = Release|Win32
		{1863860E-D1FC-40BA-B449-C9F291C81BC9}.Release|x86.Build.0 = Release|Win32
		{4A3986CA-7CA2-49B2-916D-C7B80C8362E0}.Debug|x64.ActiveCfg = Debug|x64
		{4A3986CA-7CA2-49B2-916D-C7B80C8362E0}.Debug|x64.Build.0 = Debug|x64
		{4A3986CA-7CA2-49B2-916D-C7B80C8362E0}.Debug|x86.ActiveCfg = Debug|Win32
		{4A3986CA-7CA2-49B2-916D-C7B80C8362E0}.Debug|x86.Build.0 = Debug|Win32
		{4A3986CA-7CA2-49B2-916D-C7B80C8362E0}.Release|x64.ActiveCfg = Release|x64
		{4A3986CA-7CA2-49B2-916D-C7B80C8362E0}.Release|x64.Build.0 = Release|x64
		{4A3986CA-7CA2-49B2-916D-C7B80C8362E0}.Release|x86.ActiveCfg = Release|Win32
		{4A3986CA-7CA2-49B2-916D-C7B80C8362E0}.Release|x86.Build.0 = Release|Win32
	EndGlobalSection
	GlobalSection(SolutionProperties) = preSolution
		HideSolutionNode = FALSE
	EndGlobalSection
	GlobalSection(ExtensibilityGlobals) = postSolution
		SolutionGuid = {6CE37A26-7454-4B0E-A556-FDEB32966EE9}
	EndGlobalSection
EndGlobal
